PODS:
  - MSAL (1.0.0):
    - MSAL/app-lib (= 1.0.0)
  - MSAL/app-lib (1.0.0)

DEPENDENCIES:
  - MSAL

SPEC REPOS:
  https://github.com/cocoapods/specs.git:
    - MSAL

SPEC CHECKSUMS:
  MSAL: 924e7bd5bd737f6d4e2fccbe0d9aa000ae6a06a7

PODFILE CHECKSUM: 27b86088d6269d05d5a779778e844591cd997e42

COCOAPODS: 1.7.5
