PODS:
  - MSAL (0.6.0):
    - MSAL/app-lib (= 0.6.0)
  - MSAL/app-lib (0.6.0)

DEPENDENCIES:
  - MSAL (from `https://github.com/AzureAD/microsoft-authentication-library-for-objc`, branch `release/0.6.0`)

EXTERNAL SOURCES:
  MSAL:
    :branch: release/0.6.0
    :git: https://github.com/AzureAD/microsoft-authentication-library-for-objc
    :submodules: true

CHECKOUT OPTIONS:
  MSAL:
    :commit: b1a02ec5a6ef4508dcb66f5603150abac5a88226
    :git: https://github.com/AzureAD/microsoft-authentication-library-for-objc
    :submodules: true

SPEC CHECKSUMS:
  MSAL: a90b2c0068ded9263b9382faea6eb920892eeb6b

PODFILE CHECKSUM: def200da7cd71336a48f76c5936e0c332169714a

COCOAPODS: 1.7.5
