PODS:
  - MSAL (0.5.0):
    - MSAL/app-lib (= 0.5.0)
  - MSAL/app-lib (0.5.0)

DEPENDENCIES:
  - MSAL (~> 0.5.0)

SPEC REPOS:
  https://github.com/cocoapods/specs.git:
    - MSAL

SPEC CHECKSUMS:
  MSAL: 2ef13d86e7d1c5096ade5a7e61c5ad0f2643f812

PODFILE CHECKSUM: 8fa047593375425cd6a40b0095c1f4c590854576

COCOAPODS: 1.7.4
